
Microsoft Visual Studio Solution File, Format Version 10.00
# Visual Studio 2008
Project("{2150E333-8FDC-42A3-9474-1A3956D46DE8}") = "Solution Items", "Solution Items", "{023FD738-68B3-48C6-87FD-89C1F9EABF6E}"
	ProjectSection(SolutionItems) = preProject
		DbSharper.snk = DbSharper.snk
		DbSharper.vsmdi = DbSharper.vsmdi
		LocalTestRun.testrunconfig = LocalTestRun.testrunconfig
		ProductInfo.cs = ProductInfo.cs
	EndProjectSection
EndProject
Project("{2150E333-8FDC-42A3-9474-1A3956D46DE8}") = "Tests", "Tests", "{86D1CC71-B55F-4DE1-8758-50381E397FBF}"
EndProject
Project("{2150E333-8FDC-42A3-9474-1A3956D46DE8}") = "Resources", "Resources", "{160BA0CE-2095-4F82-9D22-956B4C6DCDB9}"
	ProjectSection(SolutionItems) = preProject
		Resources\DbSharper.com.url = Resources\DbSharper.com.url
		Resources\DbSharper.ico = Resources\DbSharper.ico
		Resources\Dbsx.ico = Resources\Dbsx.ico
		Resources\mapping.xsd = Resources\mapping.xsd
	EndProjectSection
EndProject
Project("{2150E333-8FDC-42A3-9474-1A3956D46DE8}") = "ItemTemplate", "ItemTemplate", "{EE1FA72D-74A1-4952-8235-0DD5DEA4511C}"
	ProjectSection(SolutionItems) = preProject
		ItemTemplate\Database.dbsx = ItemTemplate\Database.dbsx
		ItemTemplate\DbSharperMappingTemplate.vstemplate = ItemTemplate\DbSharperMappingTemplate.vstemplate
		ItemTemplate\DbSharperMappingTemplate.zip = ItemTemplate\DbSharperMappingTemplate.zip
		ItemTemplate\TemplateIcon.ico = ItemTemplate\TemplateIcon.ico
	EndProjectSection
EndProject
Project("{FAE04EC0-301F-11D3-BF4B-00C04F79EFBC}") = "DbSharper2.CodeGenerator", "DbSharper2.CodeGenerator\DbSharper2.CodeGenerator.csproj", "{7D9ABD87-276F-493F-94AA-133D0747DECD}"
EndProject
Project("{FAE04EC0-301F-11D3-BF4B-00C04F79EFBC}") = "DbSharper2.Library", "DbSharper2.Library\DbSharper2.Library.csproj", "{7B5D9B29-F74E-46BD-AAD8-D0B0B51A8C3F}"
EndProject
Project("{FAE04EC0-301F-11D3-BF4B-00C04F79EFBC}") = "DbSharper2.Schema", "DbSharper2.Schema\DbSharper2.Schema.csproj", "{722569E0-AC05-4751-B98D-D1122AA44F99}"
EndProject
Project("{FAE04EC0-301F-11D3-BF4B-00C04F79EFBC}") = "DbSharper2.FeatureTester", "DbSharper2.FeatureTester\DbSharper2.FeatureTester.csproj", "{C29650E1-4B86-44FA-9603-0FFF3A5A2A24}"
EndProject
Project("{FAE04EC0-301F-11D3-BF4B-00C04F79EFBC}") = "DbSharper2.Data.MySql", "DbSharper2.Data.MySql\DbSharper2.Data.MySql.csproj", "{4E4DA1A9-3924-40A7-B414-759C2765255E}"
EndProject
Project("{FAE04EC0-301F-11D3-BF4B-00C04F79EFBC}") = "DbSharper2.Provider.MySql", "DbSharper2.Provider.MySql\DbSharper2.Provider.MySql.csproj", "{39BD11FF-7FB6-4B75-8ADC-326DDD8C5430}"
EndProject
Global
	GlobalSection(SolutionConfigurationPlatforms) = preSolution
		Debug|Any CPU = Debug|Any CPU
		Release|Any CPU = Release|Any CPU
	EndGlobalSection
	GlobalSection(ProjectConfigurationPlatforms) = postSolution
		{7D9ABD87-276F-493F-94AA-133D0747DECD}.Debug|Any CPU.ActiveCfg = Debug|Any CPU
		{7D9ABD87-276F-493F-94AA-133D0747DECD}.Debug|Any CPU.Build.0 = Debug|Any CPU
		{7D9ABD87-276F-493F-94AA-133D0747DECD}.Release|Any CPU.ActiveCfg = Release|Any CPU
		{7D9ABD87-276F-493F-94AA-133D0747DECD}.Release|Any CPU.Build.0 = Release|Any CPU
		{7B5D9B29-F74E-46BD-AAD8-D0B0B51A8C3F}.Debug|Any CPU.ActiveCfg = Debug|Any CPU
		{7B5D9B29-F74E-46BD-AAD8-D0B0B51A8C3F}.Debug|Any CPU.Build.0 = Debug|Any CPU
		{7B5D9B29-F74E-46BD-AAD8-D0B0B51A8C3F}.Release|Any CPU.ActiveCfg = Release|Any CPU
		{7B5D9B29-F74E-46BD-AAD8-D0B0B51A8C3F}.Release|Any CPU.Build.0 = Release|Any CPU
		{722569E0-AC05-4751-B98D-D1122AA44F99}.Debug|Any CPU.ActiveCfg = Debug|Any CPU
		{722569E0-AC05-4751-B98D-D1122AA44F99}.Debug|Any CPU.Build.0 = Debug|Any CPU
		{722569E0-AC05-4751-B98D-D1122AA44F99}.Release|Any CPU.ActiveCfg = Release|Any CPU
		{722569E0-AC05-4751-B98D-D1122AA44F99}.Release|Any CPU.Build.0 = Release|Any CPU
		{C29650E1-4B86-44FA-9603-0FFF3A5A2A24}.Debug|Any CPU.ActiveCfg = Debug|Any CPU
		{C29650E1-4B86-44FA-9603-0FFF3A5A2A24}.Debug|Any CPU.Build.0 = Debug|Any CPU
		{C29650E1-4B86-44FA-9603-0FFF3A5A2A24}.Release|Any CPU.ActiveCfg = Release|Any CPU
		{C29650E1-4B86-44FA-9603-0FFF3A5A2A24}.Release|Any CPU.Build.0 = Release|Any CPU
		{4E4DA1A9-3924-40A7-B414-759C2765255E}.Debug|Any CPU.ActiveCfg = Debug|Any CPU
		{4E4DA1A9-3924-40A7-B414-759C2765255E}.Debug|Any CPU.Build.0 = Debug|Any CPU
		{4E4DA1A9-3924-40A7-B414-759C2765255E}.Release|Any CPU.ActiveCfg = Release|Any CPU
		{4E4DA1A9-3924-40A7-B414-759C2765255E}.Release|Any CPU.Build.0 = Release|Any CPU
		{39BD11FF-7FB6-4B75-8ADC-326DDD8C5430}.Debug|Any CPU.ActiveCfg = Debug|Any CPU
		{39BD11FF-7FB6-4B75-8ADC-326DDD8C5430}.Debug|Any CPU.Build.0 = Debug|Any CPU
		{39BD11FF-7FB6-4B75-8ADC-326DDD8C5430}.Release|Any CPU.ActiveCfg = Release|Any CPU
		{39BD11FF-7FB6-4B75-8ADC-326DDD8C5430}.Release|Any CPU.Build.0 = Release|Any CPU
	EndGlobalSection
	GlobalSection(SolutionProperties) = preSolution
		HideSolutionNode = FALSE
	EndGlobalSection
EndGlobal
